// !$*UTF8*$!
{
	archiveVersion = 1;
	classes = {
	};
	objectVersion = 46;
	objects = {

/* Begin PBXBuildFile section */
		05E190C31E1F7017009E0496 /* AppDelegate.swift in Sources */ = {isa = PBXBuildFile; fileRef = 05E190C21E1F7017009E0496 /* AppDelegate.swift */; };
		05E190C51E1F7017009E0496 /* ViewController.swift in Sources */ = {isa = PBXBuildFile; fileRef = 05E190C41E1F7017009E0496 /* ViewController.swift */; };
		05E190C81E1F7017009E0496 /* Main.storyboard in Resources */ = {isa = PBXBuildFile; fileRef = 05E190C61E1F7017009E0496 /* Main.storyboard */; };
		05E190CA1E1F7017009E0496 /* Assets.xcassets in Resources */ = {isa = PBXBuildFile; fileRef = 05E190C91E1F7017009E0496 /* Assets.xcassets */; };
		05E190CD1E1F7017009E0496 /* LaunchScreen.storyboard in Resources */ = {isa = PBXBuildFile; fileRef = 05E190CB1E1F7017009E0496 /* LaunchScreen.storyboard */; };
		05E190D81E1F7017009E0496 /* WebServiceRequest_SwiftTests.swift in Sources */ = {isa = PBXBuildFile; fileRef = 05E190D71E1F7017009E0496 /* WebServiceRequest_SwiftTests.swift */; };
		05E190E31E1F7017009E0496 /* WebServiceRequest_SwiftUITests.swift in Sources */ = {isa = PBXBuildFile; fileRef = 05E190E21E1F7017009E0496 /* WebServiceRequest_SwiftUITests.swift */; };
		05E191301E1F8D06009E0496 /* WebServiceManager.swift in Sources */ = {isa = PBXBuildFile; fileRef = 05E1912F1E1F8D06009E0496 /* WebServiceManager.swift */; };
/* End PBXBuildFile section */

/* Begin PBXContainerItemProxy section */
		05E190D41E1F7017009E0496 /* PBXContainerItemProxy */ = {
			isa = PBXContainerItemProxy;
			containerPortal = 05E190B71E1F7017009E0496 /* Project object */;
			proxyType = 1;
			remoteGlobalIDString = 05E190BE1E1F7017009E0496;
			remoteInfo = WebServiceRequest_Swift;
		};
		05E190DF1E1F7017009E0496 /* PBXContainerItemProxy */ = {
			isa = PBXContainerItemProxy;
			containerPortal = 05E190B71E1F7017009E0496 /* Project object */;
			proxyType = 1;
			remoteGlobalIDString = 05E190BE1E1F7017009E0496;
			remoteInfo = WebServiceRequest_Swift;
		};
/* End PBXContainerItemProxy section */

/* Begin PBXFileReference section */
		05E190BF1E1F7017009E0496 /* WebServiceRequest_Swift.app */ = {isa = PBXFileReference; explicitFileType = wrapper.application; includeInIndex = 0; path = WebServiceRequest_Swift.app; sourceTree = BUILT_PRODUCTS_DIR; };
		05E190C21E1F7017009E0496 /* AppDelegate.swift */ = {isa = PBXFileReference; lastKnownFileType = sourcecode.swift; path = AppDelegate.swift; sourceTree = "<group>"; };
		05E190C41E1F7017009E0496 /* ViewController.swift */ = {isa = PBXFileReference; lastKnownFileType = sourcecode.swift; path = ViewController.swift; sourceTree = "<group>"; };
		05E190C71E1F7017009E0496 /* Base */ = {isa = PBXFileReference; lastKnownFileType = file.storyboard; name = Base; path = Base.lproj/Main.storyboard; sourceTree = "<group>"; };
		05E190C91E1F7017009E0496 /* Assets.xcassets */ = {isa = PBXFileReference; lastKnownFileType = folder.assetcatalog; path = Assets.xcassets; sourceTree = "<group>"; };
		05E190CC1E1F7017009E0496 /* Base */ = {isa = PBXFileReference; lastKnownFileType = file.storyboard; name = Base; path = Base.lproj/LaunchScreen.storyboard; sourceTree = "<group>"; };
		05E190CE1E1F7017009E0496 /* Info.plist */ = {isa = PBXFileReference; lastKnownFileType = text.plist.xml; path = Info.plist; sourceTree = "<group>"; };
		05E190D31E1F7017009E0496 /* WebServiceRequest_SwiftTests.xctest */ = {isa = PBXFileReference; explicitFileType = wrapper.cfbundle; includeInIndex = 0; path = WebServiceRequest_SwiftTests.xctest; sourceTree = BUILT_PRODUCTS_DIR; };
		05E190D71E1F7017009E0496 /* WebServiceRequest_SwiftTests.swift */ = {isa = PBXFileReference; lastKnownFileType = sourcecode.swift; path = WebServiceRequest_SwiftTests.swift; sourceTree = "<group>"; };
		05E190D91E1F7017009E0496 /* Info.plist */ = {isa = PBXFileReference; lastKnownFileType = text.plist.xml; path = Info.plist; sourceTree = "<group>"; };
		05E190DE1E1F7017009E0496 /* WebServiceRequest_SwiftUITests.xctest */ = {isa = PBXFileReference; explicitFileType = wrapper.cfbundle; includeInIndex = 0; path = WebServiceRequest_SwiftUITests.xctest; sourceTree = BUILT_PRODUCTS_DIR; };
		05E190E21E1F7017009E0496 /* WebServiceRequest_SwiftUITests.swift */ = {isa = PBXFileReference; lastKnownFileType = sourcecode.swift; path = WebServiceRequest_SwiftUITests.swift; sourceTree = "<group>"; };
		05E190E41E1F7017009E0496 /* Info.plist */ = {isa = PBXFileReference; lastKnownFileType = text.plist.xml; path = Info.plist; sourceTree = "<group>"; };
		05E1912F1E1F8D06009E0496 /* WebServiceManager.swift */ = {isa = PBXFileReference; fileEncoding = 4; lastKnownFileType = sourcecode.swift; path = WebServiceManager.swift; sourceTree = "<group>"; };
/* End PBXFileReference section */

/* Begin PBXFrameworksBuildPhase section */
		05E190BC1E1F7017009E0496 /* Frameworks */ = {
			isa = PBXFrameworksBuildPhase;
			buildActionMask = 2147483647;
			files = (
			);
			runOnlyForDeploymentPostprocessing = 0;
		};
		05E190D01E1F7017009E0496 /* Frameworks */ = {
			isa = PBXFrameworksBuildPhase;
			buildActionMask = 2147483647;
			files = (
			);
			runOnlyForDeploymentPostprocessing = 0;
		};
		05E190DB1E1F7017009E0496 /* Frameworks */ = {
			isa = PBXFrameworksBuildPhase;
			buildActionMask = 2147483647;
			files = (
			);
			runOnlyForDeploymentPostprocessing = 0;
		};
/* End PBXFrameworksBuildPhase section */

/* Begin PBXGroup section */
		05E190B61E1F7017009E0496 = {
			isa = PBXGroup;
			children = (
				05E190C11E1F7017009E0496 /* WebServiceRequest_Swift */,
				05E190D61E1F7017009E0496 /* WebServiceRequest_SwiftTests */,
				05E190E11E1F7017009E0496 /* WebServiceRequest_SwiftUITests */,
				05E190C01E1F7017009E0496 /* Products */,
			);
			sourceTree = "<group>";
		};
		05E190C01E1F7017009E0496 /* Products */ = {
			isa = PBXGroup;
			children = (
				05E190BF1E1F7017009E0496 /* WebServiceRequest_Swift.app */,
				05E190D31E1F7017009E0496 /* WebServiceRequest_SwiftTests.xctest */,
				05E190DE1E1F7017009E0496 /* WebServiceRequest_SwiftUITests.xctest */,
			);
			name = Products;
			sourceTree = "<group>";
		};
		05E190C11E1F7017009E0496 /* WebServiceRequest_Swift */ = {
			isa = PBXGroup;
			children = (
				05E190C21E1F7017009E0496 /* AppDelegate.swift */,
				05E190C41E1F7017009E0496 /* ViewController.swift */,
				05E1912F1E1F8D06009E0496 /* WebServiceManager.swift */,
				05E190C61E1F7017009E0496 /* Main.storyboard */,
				05E190C91E1F7017009E0496 /* Assets.xcassets */,
				05E190CB1E1F7017009E0496 /* LaunchScreen.storyboard */,
				05E190CE1E1F7017009E0496 /* Info.plist */,
			);
			path = WebServiceRequest_Swift;
			sourceTree = "<group>";
		};
		05E190D61E1F7017009E0496 /* WebServiceRequest_SwiftTests */ = {
			isa = PBXGroup;
			children = (
				05E190D71E1F7017009E0496 /* WebServiceRequest_SwiftTests.swift */,
				05E190D91E1F7017009E0496 /* Info.plist */,
			);
			path = WebServiceRequest_SwiftTests;
			sourceTree = "<group>";
		};
		05E190E11E1F7017009E0496 /* WebServiceRequest_SwiftUITests */ = {
			isa = PBXGroup;
			children = (
				05E190E21E1F7017009E0496 /* WebServiceRequest_SwiftUITests.swift */,
				05E190E41E1F7017009E0496 /* Info.plist */,
			);
			path = WebServiceRequest_SwiftUITests;
			sourceTree = "<group>";
		};
/* End PBXGroup section */

/* Begin PBXNativeTarget section */
		05E190BE1E1F7017009E0496 /* WebServiceRequest_Swift */ = {
			isa = PBXNativeTarget;
			buildConfigurationList = 05E190E71E1F7017009E0496 /* Build configuration list for PBXNativeTarget "WebServiceRequest_Swift" */;
			buildPhases = (
				05E190BB1E1F7017009E0496 /* Sources */,
				05E190BC1E1F7017009E0496 /* Frameworks */,
				05E190BD1E1F7017009E0496 /* Resources */,
			);
			buildRules = (
			);
			dependencies = (
			);
			name = WebServiceRequest_Swift;
			productName = WebServiceRequest_Swift;
			productReference = 05E190BF1E1F7017009E0496 /* WebServiceRequest_Swift.app */;
			productType = "com.apple.product-type.application";
		};
		05E190D21E1F7017009E0496 /* WebServiceRequest_SwiftTests */ = {
			isa = PBXNativeTarget;
			buildConfigurationList = 05E190EA1E1F7017009E0496 /* Build configuration list for PBXNativeTarget "WebServiceRequest_SwiftTests" */;
			buildPhases = (
				05E190CF1E1F7017009E0496 /* Sources */,
				05E190D01E1F7017009E0496 /* Frameworks */,
				05E190D11E1F7017009E0496 /* Resources */,
			);
			buildRules = (
			);
			dependencies = (
				05E190D51E1F7017009E0496 /* PBXTargetDependency */,
			);
			name = WebServiceRequest_SwiftTests;
			productName = WebServiceRequest_SwiftTests;
			productReference = 05E190D31E1F7017009E0496 /* WebServiceRequest_SwiftTests.xctest */;
			productType = "com.apple.product-type.bundle.unit-test";
		};
		05E190DD1E1F7017009E0496 /* WebServiceRequest_SwiftUITests */ = {
			isa = PBXNativeTarget;
			buildConfigurationList = 05E190ED1E1F7017009E0496 /* Build configuration list for PBXNativeTarget "WebServiceRequest_SwiftUITests" */;
			buildPhases = (
				05E190DA1E1F7017009E0496 /* Sources */,
				05E190DB1E1F7017009E0496 /* Frameworks */,
				05E190DC1E1F7017009E0496 /* Resources */,
			);
			buildRules = (
			);
			dependencies = (
				05E190E01E1F7017009E0496 /* PBXTargetDependency */,
			);
			name = WebServiceRequest_SwiftUITests;
			productName = WebServiceRequest_SwiftUITests;
			productReference = 05E190DE1E1F7017009E0496 /* WebServiceRequest_SwiftUITests.xctest */;
			productType = "com.apple.product-type.bundle.ui-testing";
		};
/* End PBXNativeTarget section */

/* Begin PBXProject section */
		05E190B71E1F7017009E0496 /* Project object */ = {
			isa = PBXProject;
			attributes = {
				LastSwiftUpdateCheck = 0810;
				LastUpgradeCheck = 0810;
				ORGANIZATIONNAME = "孙云飞";
				TargetAttributes = {
					05E190BE1E1F7017009E0496 = {
						CreatedOnToolsVersion = 8.1;
						DevelopmentTeam = 7DBWPU265V;
						ProvisioningStyle = Automatic;
					};
					05E190D21E1F7017009E0496 = {
						CreatedOnToolsVersion = 8.1;
						DevelopmentTeam = 7DBWPU265V;
						ProvisioningStyle = Automatic;
						TestTargetID = 05E190BE1E1F7017009E0496;
					};
					05E190DD1E1F7017009E0496 = {
						CreatedOnToolsVersion = 8.1;
						DevelopmentTeam = 7DBWPU265V;
						ProvisioningStyle = Automatic;
						TestTargetID = 05E190BE1E1F7017009E0496;
					};
				};
			};
			buildConfigurationList = 05E190BA1E1F7017009E0496 /* Build configuration list for PBXProject "WebServiceRequest_Swift" */;
			compatibilityVersion = "Xcode 3.2";
			developmentRegion = English;
			hasScannedForEncodings = 0;
			knownRegions = (
				en,
				Base,
			);
			mainGroup = 05E190B61E1F7017009E0496;
			productRefGroup = 05E190C01E1F7017009E0496 /* Products */;
			projectDirPath = "";
			projectRoot = "";
			targets = (
				05E190BE1E1F7017009E0496 /* WebServiceRequest_Swift */,
				05E190D21E1F7017009E0496 /* WebServiceRequest_SwiftTests */,
				05E190DD1E1F7017009E0496 /* WebServiceRequest_SwiftUITests */,
			);
		};
/* End PBXProject section */

/* Begin PBXResourcesBuildPhase section */
		05E190BD1E1F7017009E0496 /* Resources */ = {
			isa = PBXResourcesBuildPhase;
			buildActionMask = 2147483647;
			files = (
				05E190CD1E1F7017009E0496 /* LaunchScreen.storyboard in Resources */,
				05E190CA1E1F7017009E0496 /* Assets.xcassets in Resources */,
				05E190C81E1F7017009E0496 /* Main.storyboard in Resources */,
			);
			runOnlyForDeploymentPostprocessing = 0;
		};
		05E190D11E1F7017009E0496 /* Resources */ = {
			isa = PBXResourcesBuildPhase;
			buildActionMask = 2147483647;
			files = (
			);
			runOnlyForDeploymentPostprocessing = 0;
		};
		05E190DC1E1F7017009E0496 /* Resources */ = {
			isa = PBXResourcesBuildPhase;
			buildActionMask = 2147483647;
			files = (
			);
			runOnlyForDeploymentPostprocessing = 0;
		};
/* End PBXResourcesBuildPhase section */

/* Begin PBXSourcesBuildPhase section */
		05E190BB1E1F7017009E0496 /* Sources */ = {
			isa = PBXSourcesBuildPhase;
			buildActionMask = 2147483647;
			files = (
				05E190C51E1F7017009E0496 /* ViewController.swift in Sources */,
				05E190C31E1F7017009E0496 /* AppDelegate.swift in Sources */,
				05E191301E1F8D06009E0496 /* WebServiceManager.swift in Sources */,
			);
			runOnlyForDeploymentPostprocessing = 0;
		};
		05E190CF1E1F7017009E0496 /* Sources */ = {
			isa = PBXSourcesBuildPhase;
			buildActionMask = 2147483647;
			files = (
				05E190D81E1F7017009E0496 /* WebServiceRequest_SwiftTests.swift in Sources */,
			);
			runOnlyForDeploymentPostprocessing = 0;
		};
		05E190DA1E1F7017009E0496 /* Sources */ = {
			isa = PBXSourcesBuildPhase;
			buildActionMask = 2147483647;
			files = (
				05E190E31E1F7017009E0496 /* WebServiceRequest_SwiftUITests.swift in Sources */,
			);
			runOnlyForDeploymentPostprocessing = 0;
		};
/* End PBXSourcesBuildPhase section */

/* Begin PBXTargetDependency section */
		05E190D51E1F7017009E0496 /* PBXTargetDependency */ = {
			isa = PBXTargetDependency;
			target = 05E190BE1E1F7017009E0496 /* WebServiceRequest_Swift */;
			targetProxy = 05E190D41E1F7017009E0496 /* PBXContainerItemProxy */;
		};
		05E190E01E1F7017009E0496 /* PBXTargetDependency */ = {
			isa = PBXTargetDependency;
			target = 05E190BE1E1F7017009E0496 /* WebServiceRequest_Swift */;
			targetProxy = 05E190DF1E1F7017009E0496 /* PBXContainerItemProxy */;
		};
/* End PBXTargetDependency section */

/* Begin PBXVariantGroup section */
		05E190C61E1F7017009E0496 /* Main.storyboard */ = {
			isa = PBXVariantGroup;
			children = (
				05E190C71E1F7017009E0496 /* Base */,
			);
			name = Main.storyboard;
			sourceTree = "<group>";
		};
		05E190CB1E1F7017009E0496 /* LaunchScreen.storyboard */ = {
			isa = PBXVariantGroup;
			children = (
				05E190CC1E1F7017009E0496 /* Base */,
			);
			name = LaunchScreen.storyboard;
			sourceTree = "<group>";
		};
/* End PBXVariantGroup section */

/* Begin XCBuildConfiguration section */
		05E190E51E1F7017009E0496 /* Debug */ = {
			isa = XCBuildConfiguration;
			buildSettings = {
				ALWAYS_SEARCH_USER_PATHS = NO;
				CLANG_ANALYZER_NONNULL = YES;
				CLANG_CXX_LANGUAGE_STANDARD = "gnu++0x";
				CLANG_CXX_LIBRARY = "libc++";
				CLANG_ENABLE_MODULES = YES;
				CLANG_ENABLE_OBJC_ARC = YES;
				CLANG_WARN_BOOL_CONVERSION = YES;
				CLANG_WARN_CONSTANT_CONVERSION = YES;
				CLANG_WARN_DIRECT_OBJC_ISA_USAGE = YES_ERROR;
				CLANG_WARN_DOCUMENTATION_COMMENTS = YES;
				CLANG_WARN_EMPTY_BODY = YES;
				CLANG_WARN_ENUM_CONVERSION = YES;
				CLANG_WARN_INFINITE_RECURSION = YES;
				CLANG_WARN_INT_CONVERSION = YES;
				CLANG_WARN_OBJC_ROOT_CLASS = YES_ERROR;
				CLANG_WARN_SUSPICIOUS_MOVES = YES;
				CLANG_WARN_UNREACHABLE_CODE = YES;
				CLANG_WARN__DUPLICATE_METHOD_MATCH = YES;
				"CODE_SIGN_IDENTITY[sdk=iphoneos*]" = "iPhone Developer";
				COPY_PHASE_STRIP = NO;
				DEBUG_INFORMATION_FORMAT = dwarf;
				ENABLE_STRICT_OBJC_MSGSEND = YES;
				ENABLE_TESTABILITY = YES;
				GCC_C_LANGUAGE_STANDARD = gnu99;
				GCC_DYNAMIC_NO_PIC = NO;
				GCC_NO_COMMON_BLOCKS = YES;
				GCC_OPTIMIZATION_LEVEL = 0;
				GCC_PREPROCESSOR_DEFINITIONS = (
					"DEBUG=1",
					"$(inherited)",
				);
				GCC_WARN_64_TO_32_BIT_CONVERSION = YES;
				GCC_WARN_ABOUT_RETURN_TYPE = YES_ERROR;
				GCC_WARN_UNDECLARED_SELECTOR = YES;
				GCC_WARN_UNINITIALIZED_AUTOS = YES_AGGRESSIVE;
				GCC_WARN_UNUSED_FUNCTION = YES;
				GCC_WARN_UNUSED_VARIABLE = YES;
				IPHONEOS_DEPLOYMENT_TARGET = 10.1;
				MTL_ENABLE_DEBUG_INFO = YES;
				ONLY_ACTIVE_ARCH = YES;
				SDKROOT = iphoneos;
				SWIFT_ACTIVE_COMPILATION_CONDITIONS = DEBUG;
				SWIFT_OPTIMIZATION_LEVEL = "-Onone";
			};
			name = Debug;
		};
		05E190E61E1F7017009E0496 /* Release */ = {
			isa = XCBuildConfiguration;
			buildSettings = {
				ALWAYS_SEARCH_USER_PATHS = NO;
				CLANG_ANALYZER_NONNULL = YES;
				CLANG_CXX_LANGUAGE_STANDARD = "gnu++0x";
				CLANG_CXX_LIBRARY = "libc++";
				CLANG_ENABLE_MODULES = YES;
				CLANG_ENABLE_OBJC_ARC = YES;
				CLANG_WARN_BOOL_CONVERSION = YES;
				CLANG_WARN_CONSTANT_CONVERSION = YES;
				CLANG_WARN_DIRECT_OBJC_ISA_USAGE = YES_ERROR;
				CLANG_WARN_DOCUMENTATION_COMMENTS = YES;
				CLANG_WARN_EMPTY_BODY = YES;
				CLANG_WARN_ENUM_CONVERSION = YES;
				CLANG_WARN_INFINITE_RECURSION = YES;
				CLANG_WARN_INT_CONVERSION = YES;
				CLANG_WARN_OBJC_ROOT_CLASS = YES_ERROR;
				CLANG_WARN_SUSPICIOUS_MOVES = YES;
				CLANG_WARN_UNREACHABLE_CODE = YES;
				CLANG_WARN__DUPLICATE_METHOD_MATCH = YES;
				"CODE_SIGN_IDENTITY[sdk=iphoneos*]" = "iPhone Developer";
				COPY_PHASE_STRIP = NO;
				DEBUG_INFORMATION_FORMAT = "dwarf-with-dsym";
				ENABLE_NS_ASSERTIONS = NO;
				ENABLE_STRICT_OBJC_MSGSEND = YES;
				GCC_C_LANGUAGE_STANDARD = gnu99;
				GCC_NO_COMMON_BLOCKS = YES;
				GCC_WARN_64_TO_32_BIT_CONVERSION = YES;
				GCC_WARN_ABOUT_RETURN_TYPE = YES_ERROR;
				GCC_WARN_UNDECLARED_SELECTOR = YES;
				GCC_WARN_UNINITIALIZED_AUTOS = YES_AGGRESSIVE;
				GCC_WARN_UNUSED_FUNCTION = YES;
				GCC_WARN_UNUSED_VARIABLE = YES;
				IPHONEOS_DEPLOYMENT_TARGET = 10.1;
				MTL_ENABLE_DEBUG_INFO = NO;
				SDKROOT = iphoneos;
				SWIFT_OPTIMIZATION_LEVEL = "-Owholemodule";
				VALIDATE_PRODUCT = YES;
			};
			name = Release;
		};
		05E190E81E1F7017009E0496 /* Debug */ = {
			isa = XCBuildConfiguration;
			buildSettings = {
				ASSETCATALOG_COMPILER_APPICON_NAME = AppIcon;
				DEVELOPMENT_TEAM = 7DBWPU265V;
				INFOPLIST_FILE = WebServiceRequest_Swift/Info.plist;
				LD_RUNPATH_SEARCH_PATHS = "$(inherited) @executable_path/Frameworks";
				PRODUCT_BUNDLE_IDENTIFIER = "com.haidai.WebServiceRequest-Swift";
				PRODUCT_NAME = "$(TARGET_NAME)";
				SWIFT_VERSION = 3.0;
			};
			name = Debug;
		};
		05E190E91E1F7017009E0496 /* Release */ = {
			isa = XCBuildConfiguration;
			buildSettings = {
				ASSETCATALOG_COMPILER_APPICON_NAME = AppIcon;
				DEVELOPMENT_TEAM = 7DBWPU265V;
				INFOPLIST_FILE = WebServiceRequest_Swift/Info.plist;
				LD_RUNPATH_SEARCH_PATHS = "$(inherited) @executable_path/Frameworks";
				PRODUCT_BUNDLE_IDENTIFIER = "com.haidai.WebServiceRequest-Swift";
				PRODUCT_NAME = "$(TARGET_NAME)";
				SWIFT_VERSION = 3.0;
			};
			name = Release;
		};
		05E190EB1E1F7017009E0496 /* Debug */ = {
			isa = XCBuildConfiguration;
			buildSettings = {
				ALWAYS_EMBED_SWIFT_STANDARD_LIBRARIES = YES;
				BUNDLE_LOADER = "$(TEST_HOST)";
				DEVELOPMENT_TEAM = 7DBWPU265V;
				INFOPLIST_FILE = WebServiceRequest_SwiftTests/Info.plist;
				LD_RUNPATH_SEARCH_PATHS = "$(inherited) @executable_path/Frameworks @loader_path/Frameworks";
				PRODUCT_BUNDLE_IDENTIFIER = "com.haidai.WebServiceRequest-SwiftTests";
				PRODUCT_NAME = "$(TARGET_NAME)";
				SWIFT_VERSION = 3.0;
				TEST_HOST = "$(BUILT_PRODUCTS_DIR)/WebServiceRequest_Swift.app/WebServiceRequest_Swift";
			};
			name = Debug;
		};
		05E190EC1E1F7017009E0496 /* Release */ = {
			isa = XCBuildConfiguration;
			buildSettings = {
				ALWAYS_EMBED_SWIFT_STANDARD_LIBRARIES = YES;
				BUNDLE_LOADER = "$(TEST_HOST)";
				DEVELOPMENT_TEAM = 7DBWPU265V;
				INFOPLIST_FILE = WebServiceRequest_SwiftTests/Info.plist;
				LD_RUNPATH_SEARCH_PATHS = "$(inherited) @executable_path/Frameworks @loader_path/Frameworks";
				PRODUCT_BUNDLE_IDENTIFIER = "com.haidai.WebServiceRequest-SwiftTests";
				PRODUCT_NAME = "$(TARGET_NAME)";
				SWIFT_VERSION = 3.0;
				TEST_HOST = "$(BUILT_PRODUCTS_DIR)/WebServiceRequest_Swift.app/WebServiceRequest_Swift";
			};
			name = Release;
		};
		05E190EE1E1F7017009E0496 /* Debug */ = {
			isa = XCBuildConfiguration;
			buildSettings = {
				ALWAYS_EMBED_SWIFT_STANDARD_LIBRARIES = YES;
				DEVELOPMENT_TEAM = 7DBWPU265V;
				INFOPLIST_FILE = WebServiceRequest_SwiftUITests/Info.plist;
				LD_RUNPATH_SEARCH_PATHS = "$(inherited) @executable_path/Frameworks @loader_path/Frameworks";
				PRODUCT_BUNDLE_IDENTIFIER = "com.haidai.WebServiceRequest-SwiftUITests";
				PRODUCT_NAME = "$(TARGET_NAME)";
				SWIFT_VERSION = 3.0;
				TEST_TARGET_NAME = WebServiceRequest_Swift;
			};
			name = Debug;
		};
		05E190EF1E1F7017009E0496 /* Release */ = {
			isa = XCBuildConfiguration;
			buildSettings = {
				ALWAYS_EMBED_SWIFT_STANDARD_LIBRARIES = YES;
				DEVELOPMENT_TEAM = 7DBWPU265V;
				INFOPLIST_FILE = WebServiceRequest_SwiftUITests/Info.plist;
				LD_RUNPATH_SEARCH_PATHS = "$(inherited) @executable_path/Frameworks @loader_path/Frameworks";
				PRODUCT_BUNDLE_IDENTIFIER = "com.haidai.WebServiceRequest-SwiftUITests";
				PRODUCT_NAME = "$(TARGET_NAME)";
				SWIFT_VERSION = 3.0;
				TEST_TARGET_NAME = WebServiceRequest_Swift;
			};
			name = Release;
		};
/* End XCBuildConfiguration section */

/* Begin XCConfigurationList section */
		05E190BA1E1F7017009E0496 /* Build configuration list for PBXProject "WebServiceRequest_Swift" */ = {
			isa = XCConfigurationList;
			buildConfigurations = (
				05E190E51E1F7017009E0496 /* Debug */,
				05E190E61E1F7017009E0496 /* Release */,
			);
			defaultConfigurationIsVisible = 0;
			defaultConfigurationName = Release;
		};
		05E190E71E1F7017009E0496 /* Build configuration list for PBXNativeTarget "WebServiceRequest_Swift" */ = {
			isa = XCConfigurationList;
			buildConfigurations = (
				05E190E81E1F7017009E0496 /* Debug */,
				05E190E91E1F7017009E0496 /* Release */,
			);
			defaultConfigurationIsVisible = 0;
		};
		05E190EA1E1F7017009E0496 /* Build configuration list for PBXNativeTarget "WebServiceRequest_SwiftTests" */ = {
			isa = XCConfigurationList;
			buildConfigurations = (
				05E190EB1E1F7017009E0496 /* Debug */,
				05E190EC1E1F7017009E0496 /* Release */,
			);
			defaultConfigurationIsVisible = 0;
		};
		05E190ED1E1F7017009E0496 /* Build configuration list for PBXNativeTarget "WebServiceRequest_SwiftUITests" */ = {
			isa = XCConfigurationList;
			buildConfigurations = (
				05E190EE1E1F7017009E0496 /* Debug */,
				05E190EF1E1F7017009E0496 /* Release */,
			);
			defaultConfigurationIsVisible = 0;
		};
/* End XCConfigurationList section */
	};
	rootObject = 05E190B71E1F7017009E0496 /* Project object */;
}
